
Microsoft Visual Studio Solution File, Format Version 12.00
# Visual Studio Version 16
VisualStudioVersion = 16.0.28815.163
MinimumVisualStudioVersion = 10.0.40219.1
Project("{FAE04EC0-301F-11D3-BF4B-00C04F79EFBC}") = "WpfCoreApp", "WpfCoreApp\WpfCoreApp.csproj", "{B7A8214D-3290-456E-8BFE-0C577B2CFC08}"
EndProject
Global
	GlobalSection(SolutionConfigurationPlatforms) = preSolution
		Debug|Any CPU = Debug|Any CPU
		Release|Any CPU = Release|Any CPU
	EndGlobalSection
	GlobalSection(ProjectConfigurationPlatforms) = postSolution
		{B7A8214D-3290-456E-8BFE-0C577B2CFC08}.Debug|Any CPU.ActiveCfg = Debug|Any CPU
		{B7A8214D-3290-456E-8BFE-0C577B2CFC08}.Debug|Any CPU.Build.0 = Debug|Any CPU
		{B7A8214D-3290-456E-8BFE-0C577B2CFC08}.Release|Any CPU.ActiveCfg = Release|Any CPU
		{B7A8214D-3290-456E-8BFE-0C577B2CFC08}.Release|Any CPU.Build.0 = Release|Any CPU
	EndGlobalSection
	GlobalSection(SolutionProperties) = preSolution
		HideSolutionNode = FALSE
	EndGlobalSection
	GlobalSection(ExtensibilityGlobals) = postSolution
		SolutionGuid = {AA27FABE-9F44-416A-92EC-E45A95F1D034}
	EndGlobalSection
EndGlobal
